
Microsoft Visual Studio Solution File, Format Version 12.00
# Visual Studio Version 17
VisualStudioVersion = 17.2.32516.85
MinimumVisualStudioVersion = 10.0.40219.1
Project("{FAE04EC0-301F-11D3-BF4B-00C04F79EFBC}") = "jogo-de-xadrez", "jogo-de-xadrez\jogo-de-xadrez.csproj", "{F3FBE54E-A28B-4146-92FA-9F2E4986C5B6}"
EndProject
Global
	GlobalSection(SolutionConfigurationPlatforms) = preSolution
		Debug|Any CPU = Debug|Any CPU
		Release|Any CPU = Release|Any CPU
	EndGlobalSection
	GlobalSection(ProjectConfigurationPlatforms) = postSolution
		{F3FBE54E-A28B-4146-92FA-9F2E4986C5B6}.Debug|Any CPU.ActiveCfg = Debug|Any CPU
		{F3FBE54E-A28B-4146-92FA-9F2E4986C5B6}.Debug|Any CPU.Build.0 = Debug|Any CPU
		{F3FBE54E-A28B-4146-92FA-9F2E4986C5B6}.Release|Any CPU.ActiveCfg = Release|Any CPU
		{F3FBE54E-A28B-4146-92FA-9F2E4986C5B6}.Release|Any CPU.Build.0 = Release|Any CPU
	EndGlobalSection
	GlobalSection(SolutionProperties) = preSolution
		HideSolutionNode = FALSE
	EndGlobalSection
	GlobalSection(ExtensibilityGlobals) = postSolution
		SolutionGuid = {E15B4855-8FA6-4763-B5D2-9A31093D0008}
	EndGlobalSection
EndGlobal
